{
  "name": "mikinty",
  "version": "1.1.0",
  "lockfileVersion": 1,
  "requires": true,
  "dependencies": {
    "uikit": {
      "version": "3.0.0-rc.10",
      "resolved": "https://registry.npmjs.org/uikit/-/uikit-3.0.0-rc.10.tgz",
      "integrity": "sha512-dSEOp/fIWGGCKvhvKOUvIX+fSmvIALI+9yNtTHcI9nperYJlg5cpti42U0D5PyfSRmzVOrXHXorV4cf3bAE36g=="
    }
  }
}
